
Microsoft Visual Studio Solution File, Format Version 12.00
# Visual Studio Version 16
VisualStudioVersion = 16.0.30320.27
MinimumVisualStudioVersion = 10.0.40219.1
Project("{FAE04EC0-301F-11D3-BF4B-00C04F79EFBC}") = "WPF HW1", "WPF HW1.csproj", "{81F23AA7-EFED-4D77-87C9-E43A80D3EE08}"
EndProject
Global
	GlobalSection(SolutionConfigurationPlatforms) = preSolution
		Debug|Any CPU = Debug|Any CPU
		Release|Any CPU = Release|Any CPU
	EndGlobalSection
	GlobalSection(ProjectConfigurationPlatforms) = postSolution
		{81F23AA7-EFED-4D77-87C9-E43A80D3EE08}.Debug|Any CPU.ActiveCfg = Debug|Any CPU
		{81F23AA7-EFED-4D77-87C9-E43A80D3EE08}.Debug|Any CPU.Build.0 = Debug|Any CPU
		{81F23AA7-EFED-4D77-87C9-E43A80D3EE08}.Release|Any CPU.ActiveCfg = Release|Any CPU
		{81F23AA7-EFED-4D77-87C9-E43A80D3EE08}.Release|Any CPU.Build.0 = Release|Any CPU
	EndGlobalSection
	GlobalSection(SolutionProperties) = preSolution
		HideSolutionNode = FALSE
	EndGlobalSection
	GlobalSection(ExtensibilityGlobals) = postSolution
		SolutionGuid = {F4F12E36-5E51-44CF-A8CC-F0064EA92EEC}
	EndGlobalSection
EndGlobal
